{
  "name": "Yul-Truffle-Box",
  "lockfileVersion": 2,
  "requires": true,
  "packages": {
    "": {
      "dependencies": {
        "yulp": "^0.2.3"
      }
    },
    "node_modules/@hyperapp/router": {
      "version": "0.7.2",
      "license": "MIT",
      "optional": true,
      "peerDependencies": {
        "hyperapp": "1.2.5"
      }
    },
    "node_modules/aes-js": {
      "version": "3.0.0",
      "license": "MIT"
    },
    "node_modules/ansi-regex": {
      "version": "3.0.0",
      "license": "MIT",
      "optional": true,
      "engines": {
        "node": ">=4"
      }
    },
    "node_modules/axios": {
      "version": "0.18.1",
      "license": "MIT",
      "optional": true,
      "dependencies": {
        "follow-redirects": "1.5.10",
        "is-buffer": "^2.0.2"
      }
    },
    "node_modules/balanced-match": {
      "version": "1.0.2",
      "license": "MIT",
      "optional": true
    },
    "node_modules/bindings": {
      "version": "1.5.0",
      "license": "MIT",
      "optional": true,
      "dependencies": {
        "file-uri-to-path": "1.0.0"
      }
    },
    "node_modules/bn.js": {
      "version": "5.2.0",
      "license": "MIT"
    },
    "node_modules/brace-expansion": {
      "version": "1.1.11",
      "license": "MIT",
      "optional": true,
      "dependencies": {
        "balanced-match": "^1.0.0",
        "concat-map": "0.0.1"
      }
    },
    "node_modules/brorand": {
      "version": "1.1.0",
      "license": "MIT"
    },
    "node_modules/camelcase": {
      "version": "4.1.0",
      "license": "MIT",
      "optional": true,
      "engines": {
        "node": ">=4"
      }
    },
    "node_modules/cliui": {
      "version": "4.1.0",
      "license": "ISC",
      "optional": true,
      "dependencies": {
        "string-width": "^2.1.1",
        "strip-ansi": "^4.0.0",
        "wrap-ansi": "^2.0.0"
      }
    },
    "node_modules/code-point-at": {
      "version": "1.1.0",
      "license": "MIT",
      "optional": true,
      "engines": {
        "node": ">=0.10.0"
      }
    },
    "node_modules/command-exists": {
      "version": "1.2.9",
      "license": "MIT",
      "optional": true
    },
    "node_modules/commander": {
      "version": "2.20.3",
      "license": "MIT"
    },
    "node_modules/concat-map": {
      "version": "0.0.1",
      "license": "MIT",
      "optional": true
    },
    "node_modules/cross-spawn": {
      "version": "6.0.5",
      "license": "MIT",
      "optional": true,
      "dependencies": {
        "nice-try": "^1.0.4",
        "path-key": "^2.0.1",
        "semver": "^5.5.0",
        "shebang-command": "^1.2.0",
        "which": "^1.2.9"
      },
      "engines": {
        "node": ">=4.8"
      }
    },
    "node_modules/debug": {
      "version": "3.1.0",
      "license": "MIT",
      "optional": true,
      "dependencies": {
        "ms": "2.0.0"
      }
    },
    "node_modules/decamelize": {
      "version": "1.2.0",
      "license": "MIT",
      "optional": true,
      "engines": {
        "node": ">=0.10.0"
      }
    },
    "node_modules/discontinuous-range": {
      "version": "1.0.0",
      "license": "MIT"
    },
    "node_modules/elliptic": {
      "version": "6.5.4",
      "license": "MIT",
      "dependencies": {
        "bn.js": "^4.11.9",
        "brorand": "^1.1.0",
        "hash.js": "^1.0.0",
        "hmac-drbg": "^1.0.1",
        "inherits": "^2.0.4",
        "minimalistic-assert": "^1.0.1",
        "minimalistic-crypto-utils": "^1.0.1"
      }
    },
    "node_modules/elliptic/node_modules/bn.js": {
      "version": "4.12.0",
      "license": "MIT"
    },
    "node_modules/end-of-stream": {
      "version": "1.4.4",
      "license": "MIT",
      "optional": true,
      "dependencies": {
        "once": "^1.4.0"
      }
    },
    "node_modules/ethers": {
      "version": "4.0.49",
      "license": "MIT",
      "dependencies": {
        "aes-js": "3.0.0",
        "bn.js": "^4.11.9",
        "elliptic": "6.5.4",
        "hash.js": "1.1.3",
        "js-sha3": "0.5.7",
        "scrypt-js": "2.0.4",
        "setimmediate": "1.0.4",
        "uuid": "2.0.1",
        "xmlhttprequest": "1.8.0"
      }
    },
    "node_modules/ethers-contracts": {
      "version": "2.2.1",
      "license": "MIT",
      "optional": true,
      "dependencies": {
        "ethers-utils": "^2.1.0"
      }
    },
    "node_modules/ethers-utils": {
      "version": "2.1.11",
      "license": "MIT",
      "optional": true,
      "dependencies": {
        "bn.js": "^4.4.0",
        "hash.js": "^1.0.0",
        "js-sha3": "0.5.7",
        "xmlhttprequest": "1.8.0"
      }
    },
    "node_modules/ethers-utils/node_modules/bn.js": {
      "version": "4.12.0",
      "license": "MIT",
      "optional": true
    },
    "node_modules/ethers/node_modules/bn.js": {
      "version": "4.12.0",
      "license": "MIT"
    },
    "node_modules/ethjs-extras": {
      "version": "0.0.7",
      "license": "MIT",
      "optional": true,
      "dependencies": {
        "ethers-contracts": "*",
        "ethjs-provider-http": "^0.1.6",
        "ethjs-provider-signer": "^0.1.4",
        "ethjs-rpc": "^0.1.8",
        "js-sha3": "^0.7.0",
        "solidity-to-abi": "^1.0.4"
      }
    },
    "node_modules/ethjs-extras/node_modules/js-sha3": {
      "version": "0.7.0",
      "license": "MIT",
      "optional": true
    },
    "node_modules/ethjs-format": {
      "version": "0.1.8",
      "license": "MIT",
      "optional": true,
      "dependencies": {
        "bn.js": "4.11.6",
        "ethjs-schema": "0.1.4",
        "ethjs-util": "0.1.3",
        "is-hex-prefixed": "1.0.0",
        "number-to-bn": "1.7.0",
        "strip-hex-prefix": "1.0.0"
      },
      "engines": {
        "node": ">=6.5.0",
        "npm": ">=3"
      }
    },
    "node_modules/ethjs-format/node_modules/bn.js": {
      "version": "4.11.6",
      "license": "MIT",
      "optional": true
    },
    "node_modules/ethjs-provider-http": {
      "version": "0.1.6",
      "license": "MIT",
      "optional": true,
      "dependencies": {
        "xhr2": "0.1.3"
      },
      "engines": {
        "node": ">=6.5.0",
        "npm": ">=3"
      }
    },
    "node_modules/ethjs-provider-signer": {
      "version": "0.1.4",
      "license": "MIT",
      "optional": true,
      "dependencies": {
        "ethjs-provider-http": "0.1.6",
        "ethjs-rpc": "0.1.2"
      },
      "engines": {
        "node": ">=6.5.0",
        "npm": ">=3"
      }
    },
    "node_modules/ethjs-provider-signer/node_modules/ethjs-rpc": {
      "version": "0.1.2",
      "license": "MIT",
      "optional": true,
      "dependencies": {
        "ethjs-format": "0.1.8"
      },
      "engines": {
        "node": ">=6.5.0",
        "npm": ">=3"
      }
    },
    "node_modules/ethjs-rpc": {
      "version": "0.1.9",
      "license": "MIT",
      "optional": true,
      "engines": {
        "node": ">=6.5.0",
        "npm": ">=3"
      }
    },
    "node_modules/ethjs-schema": {
      "version": "0.1.4",
      "license": "MIT",
      "optional": true
    },
    "node_modules/ethjs-util": {
      "version": "0.1.3",
      "license": "MIT",
      "optional": true,
      "dependencies": {
        "is-hex-prefixed": "1.0.0",
        "strip-hex-prefix": "1.0.0"
      },
      "engines": {
        "node": ">=6.5.0",
        "npm": ">=3"
      }
    },
    "node_modules/execa": {
      "version": "1.0.0",
      "license": "MIT",
      "optional": true,
      "dependencies": {
        "cross-spawn": "^6.0.0",
        "get-stream": "^4.0.0",
        "is-stream": "^1.1.0",
        "npm-run-path": "^2.0.0",
        "p-finally": "^1.0.0",
        "signal-exit": "^3.0.0",
        "strip-eof": "^1.0.0"
      },
      "engines": {
        "node": ">=6"
      }
    },
    "node_modules/file-uri-to-path": {
      "version": "1.0.0",
      "license": "MIT",
      "optional": true
    },
    "node_modules/find-up": {
      "version": "2.1.0",
      "license": "MIT",
      "optional": true,
      "dependencies": {
        "locate-path": "^2.0.0"
      },
      "engines": {
        "node": ">=4"
      }
    },
    "node_modules/follow-redirects": {
      "version": "1.5.10",
      "license": "MIT",
      "optional": true,
      "dependencies": {
        "debug": "=3.1.0"
      },
      "engines": {
        "node": ">=4.0"
      }
    },
    "node_modules/fs-extra": {
      "version": "0.30.0",
      "license": "MIT",
      "optional": true,
      "dependencies": {
        "graceful-fs": "^4.1.2",
        "jsonfile": "^2.1.0",
        "klaw": "^1.0.0",
        "path-is-absolute": "^1.0.0",
        "rimraf": "^2.2.8"
      }
    },
    "node_modules/fs.realpath": {
      "version": "1.0.0",
      "license": "ISC",
      "optional": true
    },
    "node_modules/get-caller-file": {
      "version": "1.0.3",
      "license": "ISC",
      "optional": true
    },
    "node_modules/get-stream": {
      "version": "4.1.0",
      "license": "MIT",
      "optional": true,
      "dependencies": {
        "pump": "^3.0.0"
      },
      "engines": {
        "node": ">=6"
      }
    },
    "node_modules/glob": {
      "version": "7.2.0",
      "license": "ISC",
      "optional": true,
      "dependencies": {
        "fs.realpath": "^1.0.0",
        "inflight": "^1.0.4",
        "inherits": "2",
        "minimatch": "^3.0.4",
        "once": "^1.3.0",
        "path-is-absolute": "^1.0.0"
      },
      "engines": {
        "node": "*"
      },
      "funding": {
        "url": "https://github.com/sponsors/isaacs"
      }
    },
    "node_modules/graceful-fs": {
      "version": "4.2.8",
      "license": "ISC",
      "optional": true
    },
    "node_modules/hash.js": {
      "version": "1.1.3",
      "license": "MIT",
      "dependencies": {
        "inherits": "^2.0.3",
        "minimalistic-assert": "^1.0.0"
      }
    },
    "node_modules/hmac-drbg": {
      "version": "1.0.1",
      "license": "MIT",
      "dependencies": {
        "hash.js": "^1.0.3",
        "minimalistic-assert": "^1.0.0",
        "minimalistic-crypto-utils": "^1.0.1"
      }
    },
    "node_modules/hyperapp": {
      "version": "1.2.9",
      "license": "MIT",
      "optional": true
    },
    "node_modules/inflight": {
      "version": "1.0.6",
      "license": "ISC",
      "optional": true,
      "dependencies": {
        "once": "^1.3.0",
        "wrappy": "1"
      }
    },
    "node_modules/inherits": {
      "version": "2.0.4",
      "license": "ISC"
    },
    "node_modules/invert-kv": {
      "version": "2.0.0",
      "license": "MIT",
      "optional": true,
      "engines": {
        "node": ">=4"
      }
    },
    "node_modules/is-buffer": {
      "version": "2.0.5",
      "funding": [
        {
          "type": "github",
          "url": "https://github.com/sponsors/feross"
        },
        {
          "type": "patreon",
          "url": "https://www.patreon.com/feross"
        },
        {
          "type": "consulting",
          "url": "https://feross.org/support"
        }
      ],
      "license": "MIT",
      "optional": true,
      "engines": {
        "node": ">=4"
      }
    },
    "node_modules/is-fullwidth-code-point": {
      "version": "2.0.0",
      "license": "MIT",
      "optional": true,
      "engines": {
        "node": ">=4"
      }
    },
    "node_modules/is-hex-prefixed": {
      "version": "1.0.0",
      "license": "MIT",
      "optional": true,
      "engines": {
        "node": ">=6.5.0",
        "npm": ">=3"
      }
    },
    "node_modules/is-stream": {
      "version": "1.1.0",
      "license": "MIT",
      "optional": true,
      "engines": {
        "node": ">=0.10.0"
      }
    },
    "node_modules/isexe": {
      "version": "2.0.0",
      "license": "ISC",
      "optional": true
    },
    "node_modules/js-sha3": {
      "version": "0.5.7",
      "license": "MIT"
    },
    "node_modules/jsonfile": {
      "version": "2.4.0",
      "license": "MIT",
      "optional": true,
      "dependencies": {
        "graceful-fs": "^4.1.6"
      },
      "optionalDependencies": {
        "graceful-fs": "^4.1.6"
      }
    },
    "node_modules/keccak": {
      "version": "1.4.0",
      "hasInstallScript": true,
      "license": "MIT",
      "optional": true,
      "dependencies": {
        "bindings": "^1.2.1",
        "inherits": "^2.0.3",
        "nan": "^2.2.1",
        "safe-buffer": "^5.1.0"
      },
      "engines": {
        "node": ">=4.0.0"
      }
    },
    "node_modules/klaw": {
      "version": "1.3.1",
      "license": "MIT",
      "optional": true,
      "dependencies": {
        "graceful-fs": "^4.1.9"
      },
      "optionalDependencies": {
        "graceful-fs": "^4.1.9"
      }
    },
    "node_modules/lcid": {
      "version": "2.0.0",
      "license": "MIT",
      "optional": true,
      "dependencies": {
        "invert-kv": "^2.0.0"
      },
      "engines": {
        "node": ">=6"
      }
    },
    "node_modules/locate-path": {
      "version": "2.0.0",
      "license": "MIT",
      "optional": true,
      "dependencies": {
        "p-locate": "^2.0.0",
        "path-exists": "^3.0.0"
      },
      "engines": {
        "node": ">=4"
      }
    },
    "node_modules/map-age-cleaner": {
      "version": "0.1.3",
      "license": "MIT",
      "optional": true,
      "dependencies": {
        "p-defer": "^1.0.0"
      },
      "engines": {
        "node": ">=6"
      }
    },
    "node_modules/mem": {
      "version": "4.3.0",
      "license": "MIT",
      "optional": true,
      "dependencies": {
        "map-age-cleaner": "^0.1.1",
        "mimic-fn": "^2.0.0",
        "p-is-promise": "^2.0.0"
      },
      "engines": {
        "node": ">=6"
      }
    },
    "node_modules/memorystream": {
      "version": "0.3.1",
      "optional": true,
      "engines": {
        "node": ">= 0.10.0"
      }
    },
    "node_modules/mimic-fn": {
      "version": "2.1.0",
      "license": "MIT",
      "optional": true,
      "engines": {
        "node": ">=6"
      }
    },
    "node_modules/minimalistic-assert": {
      "version": "1.0.1",
      "license": "ISC"
    },
    "node_modules/minimalistic-crypto-utils": {
      "version": "1.0.1",
      "license": "MIT"
    },
    "node_modules/minimatch": {
      "version": "3.0.4",
      "license": "ISC",
      "optional": true,
      "dependencies": {
        "brace-expansion": "^1.1.7"
      },
      "engines": {
        "node": "*"
      }
    },
    "node_modules/moo": {
      "version": "0.5.1",
      "license": "BSD-3-Clause"
    },
    "node_modules/ms": {
      "version": "2.0.0",
      "license": "MIT",
      "optional": true
    },
    "node_modules/nan": {
      "version": "2.15.0",
      "license": "MIT",
      "optional": true
    },
    "node_modules/nearley": {
      "version": "2.20.1",
      "license": "MIT",
      "dependencies": {
        "commander": "^2.19.0",
        "moo": "^0.5.0",
        "railroad-diagrams": "^1.0.0",
        "randexp": "0.4.6"
      },
      "bin": {
        "nearley-railroad": "bin/nearley-railroad.js",
        "nearley-test": "bin/nearley-test.js",
        "nearley-unparse": "bin/nearley-unparse.js",
        "nearleyc": "bin/nearleyc.js"
      },
      "funding": {
        "type": "individual",
        "url": "https://nearley.js.org/#give-to-nearley"
      }
    },
    "node_modules/nice-try": {
      "version": "1.0.5",
      "license": "MIT",
      "optional": true
    },
    "node_modules/npm-run-path": {
      "version": "2.0.2",
      "license": "MIT",
      "optional": true,
      "dependencies": {
        "path-key": "^2.0.0"
      },
      "engines": {
        "node": ">=4"
      }
    },
    "node_modules/number-is-nan": {
      "version": "1.0.1",
      "license": "MIT",
      "optional": true,
      "engines": {
        "node": ">=0.10.0"
      }
    },
    "node_modules/number-to-bn": {
      "version": "1.7.0",
      "license": "MIT",
      "optional": true,
      "dependencies": {
        "bn.js": "4.11.6",
        "strip-hex-prefix": "1.0.0"
      },
      "engines": {
        "node": ">=6.5.0",
        "npm": ">=3"
      }
    },
    "node_modules/number-to-bn/node_modules/bn.js": {
      "version": "4.11.6",
      "license": "MIT",
      "optional": true
    },
    "node_modules/once": {
      "version": "1.4.0",
      "license": "ISC",
      "optional": true,
      "dependencies": {
        "wrappy": "1"
      }
    },
    "node_modules/os-locale": {
      "version": "3.1.0",
      "license": "MIT",
      "optional": true,
      "dependencies": {
        "execa": "^1.0.0",
        "lcid": "^2.0.0",
        "mem": "^4.0.0"
      },
      "engines": {
        "node": ">=6"
      }
    },
    "node_modules/os-tmpdir": {
      "version": "1.0.2",
      "license": "MIT",
      "optional": true,
      "engines": {
        "node": ">=0.10.0"
      }
    },
    "node_modules/p-defer": {
      "version": "1.0.0",
      "license": "MIT",
      "optional": true,
      "engines": {
        "node": ">=4"
      }
    },
    "node_modules/p-finally": {
      "version": "1.0.0",
      "license": "MIT",
      "optional": true,
      "engines": {
        "node": ">=4"
      }
    },
    "node_modules/p-is-promise": {
      "version": "2.1.0",
      "license": "MIT",
      "optional": true,
      "engines": {
        "node": ">=6"
      }
    },
    "node_modules/p-limit": {
      "version": "1.3.0",
      "license": "MIT",
      "optional": true,
      "dependencies": {
        "p-try": "^1.0.0"
      },
      "engines": {
        "node": ">=4"
      }
    },
    "node_modules/p-locate": {
      "version": "2.0.0",
      "license": "MIT",
      "optional": true,
      "dependencies": {
        "p-limit": "^1.1.0"
      },
      "engines": {
        "node": ">=4"
      }
    },
    "node_modules/p-try": {
      "version": "1.0.0",
      "license": "MIT",
      "optional": true,
      "engines": {
        "node": ">=4"
      }
    },
    "node_modules/parse-es6-imports": {
      "version": "1.0.1",
      "license": "MIT",
      "engines": {
        "node": ">=6"
      }
    },
    "node_modules/path-exists": {
      "version": "3.0.0",
      "license": "MIT",
      "optional": true,
      "engines": {
        "node": ">=4"
      }
    },
    "node_modules/path-is-absolute": {
      "version": "1.0.1",
      "license": "MIT",
      "optional": true,
      "engines": {
        "node": ">=0.10.0"
      }
    },
    "node_modules/path-key": {
      "version": "2.0.1",
      "license": "MIT",
      "optional": true,
      "engines": {
        "node": ">=4"
      }
    },
    "node_modules/pump": {
      "version": "3.0.0",
      "license": "MIT",
      "optional": true,
      "dependencies": {
        "end-of-stream": "^1.1.0",
        "once": "^1.3.1"
      }
    },
    "node_modules/railroad-diagrams": {
      "version": "1.0.0",
      "license": "CC0-1.0"
    },
    "node_modules/randexp": {
      "version": "0.4.6",
      "license": "MIT",
      "dependencies": {
        "discontinuous-range": "1.0.0",
        "ret": "~0.1.10"
      },
      "engines": {
        "node": ">=0.12"
      }
    },
    "node_modules/regenerator-runtime": {
      "version": "0.13.2",
      "license": "MIT",
      "optional": true
    },
    "node_modules/require-directory": {
      "version": "2.1.1",
      "license": "MIT",
      "optional": true,
      "engines": {
        "node": ">=0.10.0"
      }
    },
    "node_modules/require-from-string": {
      "version": "2.0.2",
      "license": "MIT",
      "optional": true,
      "engines": {
        "node": ">=0.10.0"
      }
    },
    "node_modules/require-main-filename": {
      "version": "1.0.1",
      "license": "ISC",
      "optional": true
    },
    "node_modules/ret": {
      "version": "0.1.15",
      "license": "MIT",
      "engines": {
        "node": ">=0.12"
      }
    },
    "node_modules/rfdc": {
      "version": "1.3.0",
      "license": "MIT"
    },
    "node_modules/rimraf": {
      "version": "2.7.1",
      "license": "ISC",
      "optional": true,
      "dependencies": {
        "glob": "^7.1.3"
      },
      "bin": {
        "rimraf": "bin.js"
      }
    },
    "node_modules/safe-buffer": {
      "version": "5.2.1",
      "funding": [
        {
          "type": "github",
          "url": "https://github.com/sponsors/feross"
        },
        {
          "type": "patreon",
          "url": "https://www.patreon.com/feross"
        },
        {
          "type": "consulting",
          "url": "https://feross.org/support"
        }
      ],
      "license": "MIT",
      "optional": true
    },
    "node_modules/scrypt-js": {
      "version": "2.0.4",
      "license": "MIT"
    },
    "node_modules/semver": {
      "version": "5.7.1",
      "license": "ISC",
      "optional": true,
      "bin": {
        "semver": "bin/semver"
      }
    },
    "node_modules/set-blocking": {
      "version": "2.0.0",
      "license": "ISC",
      "optional": true
    },
    "node_modules/setimmediate": {
      "version": "1.0.4",
      "license": "MIT"
    },
    "node_modules/shebang-command": {
      "version": "1.2.0",
      "license": "MIT",
      "optional": true,
      "dependencies": {
        "shebang-regex": "^1.0.0"
      },
      "engines": {
        "node": ">=0.10.0"
      }
    },
    "node_modules/shebang-regex": {
      "version": "1.0.0",
      "license": "MIT",
      "optional": true,
      "engines": {
        "node": ">=0.10.0"
      }
    },
    "node_modules/signal-exit": {
      "version": "3.0.6",
      "license": "ISC",
      "optional": true
    },
    "node_modules/solc": {
      "version": "0.5.7",
      "license": "MIT",
      "optional": true,
      "dependencies": {
        "command-exists": "^1.2.8",
        "fs-extra": "^0.30.0",
        "keccak": "^1.0.2",
        "memorystream": "^0.3.1",
        "require-from-string": "^2.0.0",
        "semver": "^5.5.0",
        "tmp": "0.0.33",
        "yargs": "^11.0.0"
      },
      "bin": {
        "solcjs": "solcjs"
      }
    },
    "node_modules/solidity-to-abi": {
      "version": "1.0.4",
      "license": "MIT",
      "optional": true,
      "engines": {
        "npm": ">=3"
      }
    },
    "node_modules/string-width": {
      "version": "2.1.1",
      "license": "MIT",
      "optional": true,
      "dependencies": {
        "is-fullwidth-code-point": "^2.0.0",
        "strip-ansi": "^4.0.0"
      },
      "engines": {
        "node": ">=4"
      }
    },
    "node_modules/strip-ansi": {
      "version": "4.0.0",
      "license": "MIT",
      "optional": true,
      "dependencies": {
        "ansi-regex": "^3.0.0"
      },
      "engines": {
        "node": ">=4"
      }
    },
    "node_modules/strip-eof": {
      "version": "1.0.0",
      "license": "MIT",
      "optional": true,
      "engines": {
        "node": ">=0.10.0"
      }
    },
    "node_modules/strip-hex-prefix": {
      "version": "1.0.0",
      "license": "MIT",
      "optional": true,
      "dependencies": {
        "is-hex-prefixed": "1.0.0"
      },
      "engines": {
        "node": ">=6.5.0",
        "npm": ">=3"
      }
    },
    "node_modules/tmp": {
      "version": "0.0.33",
      "license": "MIT",
      "optional": true,
      "dependencies": {
        "os-tmpdir": "~1.0.2"
      },
      "engines": {
        "node": ">=0.6.0"
      }
    },
    "node_modules/uuid": {
      "version": "2.0.1"
    },
    "node_modules/which": {
      "version": "1.3.1",
      "license": "ISC",
      "optional": true,
      "dependencies": {
        "isexe": "^2.0.0"
      },
      "bin": {
        "which": "bin/which"
      }
    },
    "node_modules/which-module": {
      "version": "2.0.0",
      "license": "ISC",
      "optional": true
    },
    "node_modules/wrap-ansi": {
      "version": "2.1.0",
      "license": "MIT",
      "optional": true,
      "dependencies": {
        "string-width": "^1.0.1",
        "strip-ansi": "^3.0.1"
      },
      "engines": {
        "node": ">=0.10.0"
      }
    },
    "node_modules/wrap-ansi/node_modules/ansi-regex": {
      "version": "2.1.1",
      "license": "MIT",
      "optional": true,
      "engines": {
        "node": ">=0.10.0"
      }
    },
    "node_modules/wrap-ansi/node_modules/is-fullwidth-code-point": {
      "version": "1.0.0",
      "license": "MIT",
      "optional": true,
      "dependencies": {
        "number-is-nan": "^1.0.0"
      },
      "engines": {
        "node": ">=0.10.0"
      }
    },
    "node_modules/wrap-ansi/node_modules/string-width": {
      "version": "1.0.2",
      "license": "MIT",
      "optional": true,
      "dependencies": {
        "code-point-at": "^1.0.0",
        "is-fullwidth-code-point": "^1.0.0",
        "strip-ansi": "^3.0.0"
      },
      "engines": {
        "node": ">=0.10.0"
      }
    },
    "node_modules/wrap-ansi/node_modules/strip-ansi": {
      "version": "3.0.1",
      "license": "MIT",
      "optional": true,
      "dependencies": {
        "ansi-regex": "^2.0.0"
      },
      "engines": {
        "node": ">=0.10.0"
      }
    },
    "node_modules/wrappy": {
      "version": "1.0.2",
      "license": "ISC",
      "optional": true
    },
    "node_modules/xhr2": {
      "version": "0.1.3",
      "license": "MIT",
      "optional": true,
      "engines": {
        "node": ">= 0.6"
      }
    },
    "node_modules/xmlhttprequest": {
      "version": "1.8.0",
      "license": "MIT",
      "engines": {
        "node": ">=0.4.0"
      }
    },
    "node_modules/y18n": {
      "version": "3.2.2",
      "license": "ISC",
      "optional": true
    },
    "node_modules/yargs": {
      "version": "11.1.1",
      "license": "MIT",
      "optional": true,
      "dependencies": {
        "cliui": "^4.0.0",
        "decamelize": "^1.1.1",
        "find-up": "^2.1.0",
        "get-caller-file": "^1.0.1",
        "os-locale": "^3.1.0",
        "require-directory": "^2.1.1",
        "require-main-filename": "^1.0.1",
        "set-blocking": "^2.0.0",
        "string-width": "^2.0.0",
        "which-module": "^2.0.0",
        "y18n": "^3.2.1",
        "yargs-parser": "^9.0.2"
      }
    },
    "node_modules/yargs-parser": {
      "version": "9.0.2",
      "license": "ISC",
      "optional": true,
      "dependencies": {
        "camelcase": "^4.1.0"
      }
    },
    "node_modules/yulp": {
      "version": "0.2.3",
      "license": "Apache-2.0",
      "dependencies": {
        "@hyperapp/router": "^0.7.1",
        "axios": "^0.18.1",
        "bn.js": "^5.0.0",
        "ethers": "^4.0.39",
        "ethjs-extras": "0.0.7",
        "hyperapp": "1.2.9",
        "moo": "^0.5.1",
        "nearley": "^2.19.0",
        "parse-es6-imports": "^1.0.1",
        "regenerator-runtime": "0.13.2",
        "rfdc": "^1.1.4",
        "solc": "0.5.7"
      },
      "optionalDependencies": {
        "@hyperapp/router": "^0.7.1",
        "axios": "^0.18.1",
        "ethjs-extras": "0.0.7",
        "hyperapp": "1.2.9",
        "regenerator-runtime": "0.13.2",
        "solc": "0.5.7"
      }
    }
  },
  "dependencies": {
    "@hyperapp/router": {
      "version": "0.7.2",
      "optional": true,
      "requires": {}
    },
    "aes-js": {
      "version": "3.0.0"
    },
    "ansi-regex": {
      "version": "3.0.0",
      "optional": true
    },
    "axios": {
      "version": "0.18.1",
      "optional": true,
      "requires": {
        "follow-redirects": "1.5.10",
        "is-buffer": "^2.0.2"
      }
    },
    "balanced-match": {
      "version": "1.0.2",
      "optional": true
    },
    "bindings": {
      "version": "1.5.0",
      "optional": true,
      "requires": {
        "file-uri-to-path": "1.0.0"
      }
    },
    "bn.js": {
      "version": "5.2.0"
    },
    "brace-expansion": {
      "version": "1.1.11",
      "optional": true,
      "requires": {
        "balanced-match": "^1.0.0",
        "concat-map": "0.0.1"
      }
    },
    "brorand": {
      "version": "1.1.0"
    },
    "camelcase": {
      "version": "4.1.0",
      "optional": true
    },
    "cliui": {
      "version": "4.1.0",
      "optional": true,
      "requires": {
        "string-width": "^2.1.1",
        "strip-ansi": "^4.0.0",
        "wrap-ansi": "^2.0.0"
      }
    },
    "code-point-at": {
      "version": "1.1.0",
      "optional": true
    },
    "command-exists": {
      "version": "1.2.9",
      "optional": true
    },
    "commander": {
      "version": "2.20.3"
    },
    "concat-map": {
      "version": "0.0.1",
      "optional": true
    },
    "cross-spawn": {
      "version": "6.0.5",
      "optional": true,
      "requires": {
        "nice-try": "^1.0.4",
        "path-key": "^2.0.1",
        "semver": "^5.5.0",
        "shebang-command": "^1.2.0",
        "which": "^1.2.9"
      }
    },
    "debug": {
      "version": "3.1.0",
      "optional": true,
      "requires": {
        "ms": "2.0.0"
      }
    },
    "decamelize": {
      "version": "1.2.0",
      "optional": true
    },
    "discontinuous-range": {
      "version": "1.0.0"
    },
    "elliptic": {
      "version": "6.5.4",
      "requires": {
        "bn.js": "^4.11.9",
        "brorand": "^1.1.0",
        "hash.js": "^1.0.0",
        "hmac-drbg": "^1.0.1",
        "inherits": "^2.0.4",
        "minimalistic-assert": "^1.0.1",
        "minimalistic-crypto-utils": "^1.0.1"
      },
      "dependencies": {
        "bn.js": {
          "version": "4.12.0"
        }
      }
    },
    "end-of-stream": {
      "version": "1.4.4",
      "optional": true,
      "requires": {
        "once": "^1.4.0"
      }
    },
    "ethers": {
      "version": "4.0.49",
      "requires": {
        "aes-js": "3.0.0",
        "bn.js": "^4.11.9",
        "elliptic": "6.5.4",
        "hash.js": "1.1.3",
        "js-sha3": "0.5.7",
        "scrypt-js": "2.0.4",
        "setimmediate": "1.0.4",
        "uuid": "2.0.1",
        "xmlhttprequest": "1.8.0"
      },
      "dependencies": {
        "bn.js": {
          "version": "4.12.0"
        }
      }
    },
    "ethers-contracts": {
      "version": "2.2.1",
      "optional": true,
      "requires": {
        "ethers-utils": "^2.1.0"
      }
    },
    "ethers-utils": {
      "version": "2.1.11",
      "optional": true,
      "requires": {
        "bn.js": "^4.4.0",
        "hash.js": "^1.0.0",
        "js-sha3": "0.5.7",
        "xmlhttprequest": "1.8.0"
      },
      "dependencies": {
        "bn.js": {
          "version": "4.12.0",
          "optional": true
        }
      }
    },
    "ethjs-extras": {
      "version": "0.0.7",
      "optional": true,
      "requires": {
        "ethers-contracts": "*",
        "ethjs-provider-http": "^0.1.6",
        "ethjs-provider-signer": "^0.1.4",
        "ethjs-rpc": "^0.1.8",
        "js-sha3": "^0.7.0",
        "solidity-to-abi": "^1.0.4"
      },
      "dependencies": {
        "js-sha3": {
          "version": "0.7.0",
          "optional": true
        }
      }
    },
    "ethjs-format": {
      "version": "0.1.8",
      "optional": true,
      "requires": {
        "bn.js": "4.11.6",
        "ethjs-schema": "0.1.4",
        "ethjs-util": "0.1.3",
        "is-hex-prefixed": "1.0.0",
        "number-to-bn": "1.7.0",
        "strip-hex-prefix": "1.0.0"
      },
      "dependencies": {
        "bn.js": {
          "version": "4.11.6",
          "optional": true
        }
      }
    },
    "ethjs-provider-http": {
      "version": "0.1.6",
      "optional": true,
      "requires": {
        "xhr2": "0.1.3"
      }
    },
    "ethjs-provider-signer": {
      "version": "0.1.4",
      "optional": true,
      "requires": {
        "ethjs-provider-http": "0.1.6",
        "ethjs-rpc": "0.1.2"
      },
      "dependencies": {
        "ethjs-rpc": {
          "version": "0.1.2",
          "optional": true,
          "requires": {
            "ethjs-format": "0.1.8"
          }
        }
      }
    },
    "ethjs-rpc": {
      "version": "0.1.9",
      "optional": true
    },
    "ethjs-schema": {
      "version": "0.1.4",
      "optional": true
    },
    "ethjs-util": {
      "version": "0.1.3",
      "optional": true,
      "requires": {
        "is-hex-prefixed": "1.0.0",
        "strip-hex-prefix": "1.0.0"
      }
    },
    "execa": {
      "version": "1.0.0",
      "optional": true,
      "requires": {
        "cross-spawn": "^6.0.0",
        "get-stream": "^4.0.0",
        "is-stream": "^1.1.0",
        "npm-run-path": "^2.0.0",
        "p-finally": "^1.0.0",
        "signal-exit": "^3.0.0",
        "strip-eof": "^1.0.0"
      }
    },
    "file-uri-to-path": {
      "version": "1.0.0",
      "optional": true
    },
    "find-up": {
      "version": "2.1.0",
      "optional": true,
      "requires": {
        "locate-path": "^2.0.0"
      }
    },
    "follow-redirects": {
      "version": "1.5.10",
      "optional": true,
      "requires": {
        "debug": "=3.1.0"
      }
    },
    "fs-extra": {
      "version": "0.30.0",
      "optional": true,
      "requires": {
        "graceful-fs": "^4.1.2",
        "jsonfile": "^2.1.0",
        "klaw": "^1.0.0",
        "path-is-absolute": "^1.0.0",
        "rimraf": "^2.2.8"
      }
    },
    "fs.realpath": {
      "version": "1.0.0",
      "optional": true
    },
    "get-caller-file": {
      "version": "1.0.3",
      "optional": true
    },
    "get-stream": {
      "version": "4.1.0",
      "optional": true,
      "requires": {
        "pump": "^3.0.0"
      }
    },
    "glob": {
      "version": "7.2.0",
      "optional": true,
      "requires": {
        "fs.realpath": "^1.0.0",
        "inflight": "^1.0.4",
        "inherits": "2",
        "minimatch": "^3.0.4",
        "once": "^1.3.0",
        "path-is-absolute": "^1.0.0"
      }
    },
    "graceful-fs": {
      "version": "4.2.8",
      "optional": true
    },
    "hash.js": {
      "version": "1.1.3",
      "requires": {
        "inherits": "^2.0.3",
        "minimalistic-assert": "^1.0.0"
      }
    },
    "hmac-drbg": {
      "version": "1.0.1",
      "requires": {
        "hash.js": "^1.0.3",
        "minimalistic-assert": "^1.0.0",
        "minimalistic-crypto-utils": "^1.0.1"
      }
    },
    "hyperapp": {
      "version": "1.2.9",
      "optional": true
    },
    "inflight": {
      "version": "1.0.6",
      "optional": true,
      "requires": {
        "once": "^1.3.0",
        "wrappy": "1"
      }
    },
    "inherits": {
      "version": "2.0.4"
    },
    "invert-kv": {
      "version": "2.0.0",
      "optional": true
    },
    "is-buffer": {
      "version": "2.0.5",
      "optional": true
    },
    "is-fullwidth-code-point": {
      "version": "2.0.0",
      "optional": true
    },
    "is-hex-prefixed": {
      "version": "1.0.0",
      "optional": true
    },
    "is-stream": {
      "version": "1.1.0",
      "optional": true
    },
    "isexe": {
      "version": "2.0.0",
      "optional": true
    },
    "js-sha3": {
      "version": "0.5.7"
    },
    "jsonfile": {
      "version": "2.4.0",
      "optional": true,
      "requires": {
        "graceful-fs": "^4.1.6"
      }
    },
    "keccak": {
      "version": "1.4.0",
      "optional": true,
      "requires": {
        "bindings": "^1.2.1",
        "inherits": "^2.0.3",
        "nan": "^2.2.1",
        "safe-buffer": "^5.1.0"
      }
    },
    "klaw": {
      "version": "1.3.1",
      "optional": true,
      "requires": {
        "graceful-fs": "^4.1.9"
      }
    },
    "lcid": {
      "version": "2.0.0",
      "optional": true,
      "requires": {
        "invert-kv": "^2.0.0"
      }
    },
    "locate-path": {
      "version": "2.0.0",
      "optional": true,
      "requires": {
        "p-locate": "^2.0.0",
        "path-exists": "^3.0.0"
      }
    },
    "map-age-cleaner": {
      "version": "0.1.3",
      "optional": true,
      "requires": {
        "p-defer": "^1.0.0"
      }
    },
    "mem": {
      "version": "4.3.0",
      "optional": true,
      "requires": {
        "map-age-cleaner": "^0.1.1",
        "mimic-fn": "^2.0.0",
        "p-is-promise": "^2.0.0"
      }
    },
    "memorystream": {
      "version": "0.3.1",
      "optional": true
    },
    "mimic-fn": {
      "version": "2.1.0",
      "optional": true
    },
    "minimalistic-assert": {
      "version": "1.0.1"
    },
    "minimalistic-crypto-utils": {
      "version": "1.0.1"
    },
    "minimatch": {
      "version": "3.0.4",
      "optional": true,
      "requires": {
        "brace-expansion": "^1.1.7"
      }
    },
    "moo": {
      "version": "0.5.1"
    },
    "ms": {
      "version": "2.0.0",
      "optional": true
    },
    "nan": {
      "version": "2.15.0",
      "optional": true
    },
    "nearley": {
      "version": "2.20.1",
      "requires": {
        "commander": "^2.19.0",
        "moo": "^0.5.0",
        "railroad-diagrams": "^1.0.0",
        "randexp": "0.4.6"
      }
    },
    "nice-try": {
      "version": "1.0.5",
      "optional": true
    },
    "npm-run-path": {
      "version": "2.0.2",
      "optional": true,
      "requires": {
        "path-key": "^2.0.0"
      }
    },
    "number-is-nan": {
      "version": "1.0.1",
      "optional": true
    },
    "number-to-bn": {
      "version": "1.7.0",
      "optional": true,
      "requires": {
        "bn.js": "4.11.6",
        "strip-hex-prefix": "1.0.0"
      },
      "dependencies": {
        "bn.js": {
          "version": "4.11.6",
          "optional": true
        }
      }
    },
    "once": {
      "version": "1.4.0",
      "optional": true,
      "requires": {
        "wrappy": "1"
      }
    },
    "os-locale": {
      "version": "3.1.0",
      "optional": true,
      "requires": {
        "execa": "^1.0.0",
        "lcid": "^2.0.0",
        "mem": "^4.0.0"
      }
    },
    "os-tmpdir": {
      "version": "1.0.2",
      "optional": true
    },
    "p-defer": {
      "version": "1.0.0",
      "optional": true
    },
    "p-finally": {
      "version": "1.0.0",
      "optional": true
    },
    "p-is-promise": {
      "version": "2.1.0",
      "optional": true
    },
    "p-limit": {
      "version": "1.3.0",
      "optional": true,
      "requires": {
        "p-try": "^1.0.0"
      }
    },
    "p-locate": {
      "version": "2.0.0",
      "optional": true,
      "requires": {
        "p-limit": "^1.1.0"
      }
    },
    "p-try": {
      "version": "1.0.0",
      "optional": true
    },
    "parse-es6-imports": {
      "version": "1.0.1"
    },
    "path-exists": {
      "version": "3.0.0",
      "optional": true
    },
    "path-is-absolute": {
      "version": "1.0.1",
      "optional": true
    },
    "path-key": {
      "version": "2.0.1",
      "optional": true
    },
    "pump": {
      "version": "3.0.0",
      "optional": true,
      "requires": {
        "end-of-stream": "^1.1.0",
        "once": "^1.3.1"
      }
    },
    "railroad-diagrams": {
      "version": "1.0.0"
    },
    "randexp": {
      "version": "0.4.6",
      "requires": {
        "discontinuous-range": "1.0.0",
        "ret": "~0.1.10"
      }
    },
    "regenerator-runtime": {
      "version": "0.13.2",
      "optional": true
    },
    "require-directory": {
      "version": "2.1.1",
      "optional": true
    },
    "require-from-string": {
      "version": "2.0.2",
      "optional": true
    },
    "require-main-filename": {
      "version": "1.0.1",
      "optional": true
    },
    "ret": {
      "version": "0.1.15"
    },
    "rfdc": {
      "version": "1.3.0"
    },
    "rimraf": {
      "version": "2.7.1",
      "optional": true,
      "requires": {
        "glob": "^7.1.3"
      }
    },
    "safe-buffer": {
      "version": "5.2.1",
      "optional": true
    },
    "scrypt-js": {
      "version": "2.0.4"
    },
    "semver": {
      "version": "5.7.1",
      "optional": true
    },
    "set-blocking": {
      "version": "2.0.0",
      "optional": true
    },
    "setimmediate": {
      "version": "1.0.4"
    },
    "shebang-command": {
      "version": "1.2.0",
      "optional": true,
      "requires": {
        "shebang-regex": "^1.0.0"
      }
    },
    "shebang-regex": {
      "version": "1.0.0",
      "optional": true
    },
    "signal-exit": {
      "version": "3.0.6",
      "optional": true
    },
    "solc": {
      "version": "0.5.7",
      "optional": true,
      "requires": {
        "command-exists": "^1.2.8",
        "fs-extra": "^0.30.0",
        "keccak": "^1.0.2",
        "memorystream": "^0.3.1",
        "require-from-string": "^2.0.0",
        "semver": "^5.5.0",
        "tmp": "0.0.33",
        "yargs": "^11.0.0"
      }
    },
    "solidity-to-abi": {
      "version": "1.0.4",
      "optional": true
    },
    "string-width": {
      "version": "2.1.1",
      "optional": true,
      "requires": {
        "is-fullwidth-code-point": "^2.0.0",
        "strip-ansi": "^4.0.0"
      }
    },
    "strip-ansi": {
      "version": "4.0.0",
      "optional": true,
      "requires": {
        "ansi-regex": "^3.0.0"
      }
    },
    "strip-eof": {
      "version": "1.0.0",
      "optional": true
    },
    "strip-hex-prefix": {
      "version": "1.0.0",
      "optional": true,
      "requires": {
        "is-hex-prefixed": "1.0.0"
      }
    },
    "tmp": {
      "version": "0.0.33",
      "optional": true,
      "requires": {
        "os-tmpdir": "~1.0.2"
      }
    },
    "uuid": {
      "version": "2.0.1"
    },
    "which": {
      "version": "1.3.1",
      "optional": true,
      "requires": {
        "isexe": "^2.0.0"
      }
    },
    "which-module": {
      "version": "2.0.0",
      "optional": true
    },
    "wrap-ansi": {
      "version": "2.1.0",
      "optional": true,
      "requires": {
        "string-width": "^1.0.1",
        "strip-ansi": "^3.0.1"
      },
      "dependencies": {
        "ansi-regex": {
          "version": "2.1.1",
          "optional": true
        },
        "is-fullwidth-code-point": {
          "version": "1.0.0",
          "optional": true,
          "requires": {
            "number-is-nan": "^1.0.0"
          }
        },
        "string-width": {
          "version": "1.0.2",
          "optional": true,
          "requires": {
            "code-point-at": "^1.0.0",
            "is-fullwidth-code-point": "^1.0.0",
            "strip-ansi": "^3.0.0"
          }
        },
        "strip-ansi": {
          "version": "3.0.1",
          "optional": true,
          "requires": {
            "ansi-regex": "^2.0.0"
          }
        }
      }
    },
    "wrappy": {
      "version": "1.0.2",
      "optional": true
    },
    "xhr2": {
      "version": "0.1.3",
      "optional": true
    },
    "xmlhttprequest": {
      "version": "1.8.0"
    },
    "y18n": {
      "version": "3.2.2",
      "optional": true
    },
    "yargs": {
      "version": "11.1.1",
      "optional": true,
      "requires": {
        "cliui": "^4.0.0",
        "decamelize": "^1.1.1",
        "find-up": "^2.1.0",
        "get-caller-file": "^1.0.1",
        "os-locale": "^3.1.0",
        "require-directory": "^2.1.1",
        "require-main-filename": "^1.0.1",
        "set-blocking": "^2.0.0",
        "string-width": "^2.0.0",
        "which-module": "^2.0.0",
        "y18n": "^3.2.1",
        "yargs-parser": "^9.0.2"
      }
    },
    "yargs-parser": {
      "version": "9.0.2",
      "optional": true,
      "requires": {
        "camelcase": "^4.1.0"
      }
    },
    "yulp": {
      "version": "0.2.3",
      "requires": {
        "@hyperapp/router": "^0.7.1",
        "axios": "^0.18.1",
        "bn.js": "^5.0.0",
        "ethers": "^4.0.39",
        "ethjs-extras": "0.0.7",
        "hyperapp": "1.2.9",
        "moo": "^0.5.1",
        "nearley": "^2.19.0",
        "parse-es6-imports": "^1.0.1",
        "regenerator-runtime": "0.13.2",
        "rfdc": "^1.1.4",
        "solc": "0.5.7"
      }
    }
  }
}
